
Microsoft Visual Studio Solution File, Format Version 12.00
# Visual Studio Version 17
VisualStudioVersion = 17.5.33530.505
MinimumVisualStudioVersion = 10.0.40219.1
Project("{FAE04EC0-301F-11D3-BF4B-00C04F79EFBC}") = "mchlstrng", "mchlstrng\mchlstrng.csproj", "{B60F40EF-D5DE-4175-B6ED-9A3B7F2A939B}"
EndProject
Global
	GlobalSection(SolutionConfigurationPlatforms) = preSolution
		Debug|Any CPU = Debug|Any CPU
		Release|Any CPU = Release|Any CPU
	EndGlobalSection
	GlobalSection(ProjectConfigurationPlatforms) = postSolution
		{B60F40EF-D5DE-4175-B6ED-9A3B7F2A939B}.Debug|Any CPU.ActiveCfg = Debug|Any CPU
		{B60F40EF-D5DE-4175-B6ED-9A3B7F2A939B}.Debug|Any CPU.Build.0 = Debug|Any CPU
		{B60F40EF-D5DE-4175-B6ED-9A3B7F2A939B}.Release|Any CPU.ActiveCfg = Release|Any CPU
		{B60F40EF-D5DE-4175-B6ED-9A3B7F2A939B}.Release|Any CPU.Build.0 = Release|Any CPU
	EndGlobalSection
	GlobalSection(SolutionProperties) = preSolution
		HideSolutionNode = FALSE
	EndGlobalSection
	GlobalSection(ExtensibilityGlobals) = postSolution
		SolutionGuid = {E81DB736-AD24-4997-A618-561C193CAE61}
	EndGlobalSection
EndGlobal
